// !$*UTF8*$!
{
	archiveVersion = 1;
	classes = {
	};
	objectVersion = 56;
	objects = {

/* Begin PBXBuildFile section */
		01EB5CB52B17257F00CE9F2D /* AppDelegate.swift in Sources */ = {isa = PBXBuildFile; fileRef = 01EB5CB42B17257F00CE9F2D /* AppDelegate.swift */; };
		01EB5CB72B17257F00CE9F2D /* SceneDelegate.swift in Sources */ = {isa = PBXBuildFile; fileRef = 01EB5CB62B17257F00CE9F2D /* SceneDelegate.swift */; };
		01EB5CB92B17257F00CE9F2D /* ViewController.swift in Sources */ = {isa = PBXBuildFile; fileRef = 01EB5CB82B17257F00CE9F2D /* ViewController.swift */; };
		01EB5CBC2B17257F00CE9F2D /* Main.storyboard in Resources */ = {isa = PBXBuildFile; fileRef = 01EB5CBA2B17257F00CE9F2D /* Main.storyboard */; };
		01EB5CBE2B17258100CE9F2D /* Assets.xcassets in Resources */ = {isa = PBXBuildFile; fileRef = 01EB5CBD2B17258100CE9F2D /* Assets.xcassets */; };
		01EB5CC12B17258100CE9F2D /* LaunchScreen.storyboard in Resources */ = {isa = PBXBuildFile; fileRef = 01EB5CBF2B17258100CE9F2D /* LaunchScreen.storyboard */; };
		01EB5CCC2B17258100CE9F2D /* WhatSticks10iOSTests.swift in Sources */ = {isa = PBXBuildFile; fileRef = 01EB5CCB2B17258100CE9F2D /* WhatSticks10iOSTests.swift */; };
		01EB5CD62B17258100CE9F2D /* WhatSticks10iOSUITests.swift in Sources */ = {isa = PBXBuildFile; fileRef = 01EB5CD52B17258100CE9F2D /* WhatSticks10iOSUITests.swift */; };
		01EB5CD82B17258100CE9F2D /* WhatSticks10iOSUITestsLaunchTests.swift in Sources */ = {isa = PBXBuildFile; fileRef = 01EB5CD72B17258100CE9F2D /* WhatSticks10iOSUITestsLaunchTests.swift */; };
/* End PBXBuildFile section */

/* Begin PBXContainerItemProxy section */
		01EB5CC82B17258100CE9F2D /* PBXContainerItemProxy */ = {
			isa = PBXContainerItemProxy;
			containerPortal = 01EB5CA92B17257F00CE9F2D /* Project object */;
			proxyType = 1;
			remoteGlobalIDString = 01EB5CB02B17257F00CE9F2D;
			remoteInfo = WhatSticks10iOS;
		};
		01EB5CD22B17258100CE9F2D /* PBXContainerItemProxy */ = {
			isa = PBXContainerItemProxy;
			containerPortal = 01EB5CA92B17257F00CE9F2D /* Project object */;
			proxyType = 1;
			remoteGlobalIDString = 01EB5CB02B17257F00CE9F2D;
			remoteInfo = WhatSticks10iOS;
		};
/* End PBXContainerItemProxy section */

/* Begin PBXFileReference section */
		01EB5CB12B17257F00CE9F2D /* WhatSticks10iOS.app */ = {isa = PBXFileReference; explicitFileType = wrapper.application; includeInIndex = 0; path = WhatSticks10iOS.app; sourceTree = BUILT_PRODUCTS_DIR; };
		01EB5CB42B17257F00CE9F2D /* AppDelegate.swift */ = {isa = PBXFileReference; lastKnownFileType = sourcecode.swift; path = AppDelegate.swift; sourceTree = "<group>"; };
		01EB5CB62B17257F00CE9F2D /* SceneDelegate.swift */ = {isa = PBXFileReference; lastKnownFileType = sourcecode.swift; path = SceneDelegate.swift; sourceTree = "<group>"; };
		01EB5CB82B17257F00CE9F2D /* ViewController.swift */ = {isa = PBXFileReference; lastKnownFileType = sourcecode.swift; path = ViewController.swift; sourceTree = "<group>"; };
		01EB5CBB2B17257F00CE9F2D /* Base */ = {isa = PBXFileReference; lastKnownFileType = file.storyboard; name = Base; path = Base.lproj/Main.storyboard; sourceTree = "<group>"; };
		01EB5CBD2B17258100CE9F2D /* Assets.xcassets */ = {isa = PBXFileReference; lastKnownFileType = folder.assetcatalog; path = Assets.xcassets; sourceTree = "<group>"; };
		01EB5CC02B17258100CE9F2D /* Base */ = {isa = PBXFileReference; lastKnownFileType = file.storyboard; name = Base; path = Base.lproj/LaunchScreen.storyboard; sourceTree = "<group>"; };
		01EB5CC22B17258100CE9F2D /* Info.plist */ = {isa = PBXFileReference; lastKnownFileType = text.plist.xml; path = Info.plist; sourceTree = "<group>"; };
		01EB5CC72B17258100CE9F2D /* WhatSticks10iOSTests.xctest */ = {isa = PBXFileReference; explicitFileType = wrapper.cfbundle; includeInIndex = 0; path = WhatSticks10iOSTests.xctest; sourceTree = BUILT_PRODUCTS_DIR; };
		01EB5CCB2B17258100CE9F2D /* WhatSticks10iOSTests.swift */ = {isa = PBXFileReference; lastKnownFileType = sourcecode.swift; path = WhatSticks10iOSTests.swift; sourceTree = "<group>"; };
		01EB5CD12B17258100CE9F2D /* WhatSticks10iOSUITests.xctest */ = {isa = PBXFileReference; explicitFileType = wrapper.cfbundle; includeInIndex = 0; path = WhatSticks10iOSUITests.xctest; sourceTree = BUILT_PRODUCTS_DIR; };
		01EB5CD52B17258100CE9F2D /* WhatSticks10iOSUITests.swift */ = {isa = PBXFileReference; lastKnownFileType = sourcecode.swift; path = WhatSticks10iOSUITests.swift; sourceTree = "<group>"; };
		01EB5CD72B17258100CE9F2D /* WhatSticks10iOSUITestsLaunchTests.swift */ = {isa = PBXFileReference; lastKnownFileType = sourcecode.swift; path = WhatSticks10iOSUITestsLaunchTests.swift; sourceTree = "<group>"; };
/* End PBXFileReference section */

/* Begin PBXFrameworksBuildPhase section */
		01EB5CAE2B17257F00CE9F2D /* Frameworks */ = {
			isa = PBXFrameworksBuildPhase;
			buildActionMask = 2147483647;
			files = (
			);
			runOnlyForDeploymentPostprocessing = 0;
		};
		01EB5CC42B17258100CE9F2D /* Frameworks */ = {
			isa = PBXFrameworksBuildPhase;
			buildActionMask = 2147483647;
			files = (
			);
			runOnlyForDeploymentPostprocessing = 0;
		};
		01EB5CCE2B17258100CE9F2D /* Frameworks */ = {
			isa = PBXFrameworksBuildPhase;
			buildActionMask = 2147483647;
			files = (
			);
			runOnlyForDeploymentPostprocessing = 0;
		};
/* End PBXFrameworksBuildPhase section */

/* Begin PBXGroup section */
		01EB5CA82B17257F00CE9F2D = {
			isa = PBXGroup;
			children = (
				01EB5CB32B17257F00CE9F2D /* WhatSticks10iOS */,
				01EB5CCA2B17258100CE9F2D /* WhatSticks10iOSTests */,
				01EB5CD42B17258100CE9F2D /* WhatSticks10iOSUITests */,
				01EB5CB22B17257F00CE9F2D /* Products */,
			);
			sourceTree = "<group>";
		};
		01EB5CB22B17257F00CE9F2D /* Products */ = {
			isa = PBXGroup;
			children = (
				01EB5CB12B17257F00CE9F2D /* WhatSticks10iOS.app */,
				01EB5CC72B17258100CE9F2D /* WhatSticks10iOSTests.xctest */,
				01EB5CD12B17258100CE9F2D /* WhatSticks10iOSUITests.xctest */,
			);
			name = Products;
			sourceTree = "<group>";
		};
		01EB5CB32B17257F00CE9F2D /* WhatSticks10iOS */ = {
			isa = PBXGroup;
			children = (
				01EB5CB42B17257F00CE9F2D /* AppDelegate.swift */,
				01EB5CB62B17257F00CE9F2D /* SceneDelegate.swift */,
				01EB5CB82B17257F00CE9F2D /* ViewController.swift */,
				01EB5CBA2B17257F00CE9F2D /* Main.storyboard */,
				01EB5CBD2B17258100CE9F2D /* Assets.xcassets */,
				01EB5CBF2B17258100CE9F2D /* LaunchScreen.storyboard */,
				01EB5CC22B17258100CE9F2D /* Info.plist */,
			);
			path = WhatSticks10iOS;
			sourceTree = "<group>";
		};
		01EB5CCA2B17258100CE9F2D /* WhatSticks10iOSTests */ = {
			isa = PBXGroup;
			children = (
				01EB5CCB2B17258100CE9F2D /* WhatSticks10iOSTests.swift */,
			);
			path = WhatSticks10iOSTests;
			sourceTree = "<group>";
		};
		01EB5CD42B17258100CE9F2D /* WhatSticks10iOSUITests */ = {
			isa = PBXGroup;
			children = (
				01EB5CD52B17258100CE9F2D /* WhatSticks10iOSUITests.swift */,
				01EB5CD72B17258100CE9F2D /* WhatSticks10iOSUITestsLaunchTests.swift */,
			);
			path = WhatSticks10iOSUITests;
			sourceTree = "<group>";
		};
/* End PBXGroup section */

/* Begin PBXNativeTarget section */
		01EB5CB02B17257F00CE9F2D /* WhatSticks10iOS */ = {
			isa = PBXNativeTarget;
			buildConfigurationList = 01EB5CDB2B17258100CE9F2D /* Build configuration list for PBXNativeTarget "WhatSticks10iOS" */;
			buildPhases = (
				01EB5CAD2B17257F00CE9F2D /* Sources */,
				01EB5CAE2B17257F00CE9F2D /* Frameworks */,
				01EB5CAF2B17257F00CE9F2D /* Resources */,
			);
			buildRules = (
			);
			dependencies = (
			);
			name = WhatSticks10iOS;
			productName = WhatSticks10iOS;
			productReference = 01EB5CB12B17257F00CE9F2D /* WhatSticks10iOS.app */;
			productType = "com.apple.product-type.application";
		};
		01EB5CC62B17258100CE9F2D /* WhatSticks10iOSTests */ = {
			isa = PBXNativeTarget;
			buildConfigurationList = 01EB5CDE2B17258100CE9F2D /* Build configuration list for PBXNativeTarget "WhatSticks10iOSTests" */;
			buildPhases = (
				01EB5CC32B17258100CE9F2D /* Sources */,
				01EB5CC42B17258100CE9F2D /* Frameworks */,
				01EB5CC52B17258100CE9F2D /* Resources */,
			);
			buildRules = (
			);
			dependencies = (
				01EB5CC92B17258100CE9F2D /* PBXTargetDependency */,
			);
			name = WhatSticks10iOSTests;
			productName = WhatSticks10iOSTests;
			productReference = 01EB5CC72B17258100CE9F2D /* WhatSticks10iOSTests.xctest */;
			productType = "com.apple.product-type.bundle.unit-test";
		};
		01EB5CD02B17258100CE9F2D /* WhatSticks10iOSUITests */ = {
			isa = PBXNativeTarget;
			buildConfigurationList = 01EB5CE12B17258100CE9F2D /* Build configuration list for PBXNativeTarget "WhatSticks10iOSUITests" */;
			buildPhases = (
				01EB5CCD2B17258100CE9F2D /* Sources */,
				01EB5CCE2B17258100CE9F2D /* Frameworks */,
				01EB5CCF2B17258100CE9F2D /* Resources */,
			);
			buildRules = (
			);
			dependencies = (
				01EB5CD32B17258100CE9F2D /* PBXTargetDependency */,
			);
			name = WhatSticks10iOSUITests;
			productName = WhatSticks10iOSUITests;
			productReference = 01EB5CD12B17258100CE9F2D /* WhatSticks10iOSUITests.xctest */;
			productType = "com.apple.product-type.bundle.ui-testing";
		};
/* End PBXNativeTarget section */

/* Begin PBXProject section */
		01EB5CA92B17257F00CE9F2D /* Project object */ = {
			isa = PBXProject;
			attributes = {
				BuildIndependentTargetsInParallel = 1;
				LastSwiftUpdateCheck = 1500;
				LastUpgradeCheck = 1500;
				TargetAttributes = {
					01EB5CB02B17257F00CE9F2D = {
						CreatedOnToolsVersion = 15.0;
					};
					01EB5CC62B17258100CE9F2D = {
						CreatedOnToolsVersion = 15.0;
						TestTargetID = 01EB5CB02B17257F00CE9F2D;
					};
					01EB5CD02B17258100CE9F2D = {
						CreatedOnToolsVersion = 15.0;
						TestTargetID = 01EB5CB02B17257F00CE9F2D;
					};
				};
			};
			buildConfigurationList = 01EB5CAC2B17257F00CE9F2D /* Build configuration list for PBXProject "WhatSticks10iOS" */;
			compatibilityVersion = "Xcode 14.0";
			developmentRegion = en;
			hasScannedForEncodings = 0;
			knownRegions = (
				en,
				Base,
			);
			mainGroup = 01EB5CA82B17257F00CE9F2D;
			productRefGroup = 01EB5CB22B17257F00CE9F2D /* Products */;
			projectDirPath = "";
			projectRoot = "";
			targets = (
				01EB5CB02B17257F00CE9F2D /* WhatSticks10iOS */,
				01EB5CC62B17258100CE9F2D /* WhatSticks10iOSTests */,
				01EB5CD02B17258100CE9F2D /* WhatSticks10iOSUITests */,
			);
		};
/* End PBXProject section */

/* Begin PBXResourcesBuildPhase section */
		01EB5CAF2B17257F00CE9F2D /* Resources */ = {
			isa = PBXResourcesBuildPhase;
			buildActionMask = 2147483647;
			files = (
				01EB5CC12B17258100CE9F2D /* LaunchScreen.storyboard in Resources */,
				01EB5CBE2B17258100CE9F2D /* Assets.xcassets in Resources */,
				01EB5CBC2B17257F00CE9F2D /* Main.storyboard in Resources */,
			);
			runOnlyForDeploymentPostprocessing = 0;
		};
		01EB5CC52B17258100CE9F2D /* Resources */ = {
			isa = PBXResourcesBuildPhase;
			buildActionMask = 2147483647;
			files = (
			);
			runOnlyForDeploymentPostprocessing = 0;
		};
		01EB5CCF2B17258100CE9F2D /* Resources */ = {
			isa = PBXResourcesBuildPhase;
			buildActionMask = 2147483647;
			files = (
			);
			runOnlyForDeploymentPostprocessing = 0;
		};
/* End PBXResourcesBuildPhase section */

/* Begin PBXSourcesBuildPhase section */
		01EB5CAD2B17257F00CE9F2D /* Sources */ = {
			isa = PBXSourcesBuildPhase;
			buildActionMask = 2147483647;
			files = (
				01EB5CB92B17257F00CE9F2D /* ViewController.swift in Sources */,
				01EB5CB52B17257F00CE9F2D /* AppDelegate.swift in Sources */,
				01EB5CB72B17257F00CE9F2D /* SceneDelegate.swift in Sources */,
			);
			runOnlyForDeploymentPostprocessing = 0;
		};
		01EB5CC32B17258100CE9F2D /* Sources */ = {
			isa = PBXSourcesBuildPhase;
			buildActionMask = 2147483647;
			files = (
				01EB5CCC2B17258100CE9F2D /* WhatSticks10iOSTests.swift in Sources */,
			);
			runOnlyForDeploymentPostprocessing = 0;
		};
		01EB5CCD2B17258100CE9F2D /* Sources */ = {
			isa = PBXSourcesBuildPhase;
			buildActionMask = 2147483647;
			files = (
				01EB5CD82B17258100CE9F2D /* WhatSticks10iOSUITestsLaunchTests.swift in Sources */,
				01EB5CD62B17258100CE9F2D /* WhatSticks10iOSUITests.swift in Sources */,
			);
			runOnlyForDeploymentPostprocessing = 0;
		};
/* End PBXSourcesBuildPhase section */

/* Begin PBXTargetDependency section */
		01EB5CC92B17258100CE9F2D /* PBXTargetDependency */ = {
			isa = PBXTargetDependency;
			target = 01EB5CB02B17257F00CE9F2D /* WhatSticks10iOS */;
			targetProxy = 01EB5CC82B17258100CE9F2D /* PBXContainerItemProxy */;
		};
		01EB5CD32B17258100CE9F2D /* PBXTargetDependency */ = {
			isa = PBXTargetDependency;
			target = 01EB5CB02B17257F00CE9F2D /* WhatSticks10iOS */;
			targetProxy = 01EB5CD22B17258100CE9F2D /* PBXContainerItemProxy */;
		};
/* End PBXTargetDependency section */

/* Begin PBXVariantGroup section */
		01EB5CBA2B17257F00CE9F2D /* Main.storyboard */ = {
			isa = PBXVariantGroup;
			children = (
				01EB5CBB2B17257F00CE9F2D /* Base */,
			);
			name = Main.storyboard;
			sourceTree = "<group>";
		};
		01EB5CBF2B17258100CE9F2D /* LaunchScreen.storyboard */ = {
			isa = PBXVariantGroup;
			children = (
				01EB5CC02B17258100CE9F2D /* Base */,
			);
			name = LaunchScreen.storyboard;
			sourceTree = "<group>";
		};
/* End PBXVariantGroup section */

/* Begin XCBuildConfiguration section */
		01EB5CD92B17258100CE9F2D /* Debug */ = {
			isa = XCBuildConfiguration;
			buildSettings = {
				ALWAYS_SEARCH_USER_PATHS = NO;
				ASSETCATALOG_COMPILER_GENERATE_SWIFT_ASSET_SYMBOL_EXTENSIONS = YES;
				CLANG_ANALYZER_NONNULL = YES;
				CLANG_ANALYZER_NUMBER_OBJECT_CONVERSION = YES_AGGRESSIVE;
				CLANG_CXX_LANGUAGE_STANDARD = "gnu++20";
				CLANG_ENABLE_MODULES = YES;
				CLANG_ENABLE_OBJC_ARC = YES;
				CLANG_ENABLE_OBJC_WEAK = YES;
				CLANG_WARN_BLOCK_CAPTURE_AUTORELEASING = YES;
				CLANG_WARN_BOOL_CONVERSION = YES;
				CLANG_WARN_COMMA = YES;
				CLANG_WARN_CONSTANT_CONVERSION = YES;
				CLANG_WARN_DEPRECATED_OBJC_IMPLEMENTATIONS = YES;
				CLANG_WARN_DIRECT_OBJC_ISA_USAGE = YES_ERROR;
				CLANG_WARN_DOCUMENTATION_COMMENTS = YES;
				CLANG_WARN_EMPTY_BODY = YES;
				CLANG_WARN_ENUM_CONVERSION = YES;
				CLANG_WARN_INFINITE_RECURSION = YES;
				CLANG_WARN_INT_CONVERSION = YES;
				CLANG_WARN_NON_LITERAL_NULL_CONVERSION = YES;
				CLANG_WARN_OBJC_IMPLICIT_RETAIN_SELF = YES;
				CLANG_WARN_OBJC_LITERAL_CONVERSION = YES;
				CLANG_WARN_OBJC_ROOT_CLASS = YES_ERROR;
				CLANG_WARN_QUOTED_INCLUDE_IN_FRAMEWORK_HEADER = YES;
				CLANG_WARN_RANGE_LOOP_ANALYSIS = YES;
				CLANG_WARN_STRICT_PROTOTYPES = YES;
				CLANG_WARN_SUSPICIOUS_MOVE = YES;
				CLANG_WARN_UNGUARDED_AVAILABILITY = YES_AGGRESSIVE;
				CLANG_WARN_UNREACHABLE_CODE = YES;
				CLANG_WARN__DUPLICATE_METHOD_MATCH = YES;
				COPY_PHASE_STRIP = NO;
				DEBUG_INFORMATION_FORMAT = dwarf;
				ENABLE_STRICT_OBJC_MSGSEND = YES;
				ENABLE_TESTABILITY = YES;
				ENABLE_USER_SCRIPT_SANDBOXING = YES;
				GCC_C_LANGUAGE_STANDARD = gnu17;
				GCC_DYNAMIC_NO_PIC = NO;
				GCC_NO_COMMON_BLOCKS = YES;
				GCC_OPTIMIZATION_LEVEL = 0;
				GCC_PREPROCESSOR_DEFINITIONS = (
					"DEBUG=1",
					"$(inherited)",
				);
				GCC_WARN_64_TO_32_BIT_CONVERSION = YES;
				GCC_WARN_ABOUT_RETURN_TYPE = YES_ERROR;
				GCC_WARN_UNDECLARED_SELECTOR = YES;
				GCC_WARN_UNINITIALIZED_AUTOS = YES_AGGRESSIVE;
				GCC_WARN_UNUSED_FUNCTION = YES;
				GCC_WARN_UNUSED_VARIABLE = YES;
				IPHONEOS_DEPLOYMENT_TARGET = 17.0;
				LOCALIZATION_PREFERS_STRING_CATALOGS = YES;
				MTL_ENABLE_DEBUG_INFO = INCLUDE_SOURCE;
				MTL_FAST_MATH = YES;
				ONLY_ACTIVE_ARCH = YES;
				SDKROOT = iphoneos;
				SWIFT_ACTIVE_COMPILATION_CONDITIONS = "DEBUG $(inherited)";
				SWIFT_OPTIMIZATION_LEVEL = "-Onone";
			};
			name = Debug;
		};
		01EB5CDA2B17258100CE9F2D /* Release */ = {
			isa = XCBuildConfiguration;
			buildSettings = {
				ALWAYS_SEARCH_USER_PATHS = NO;
				ASSETCATALOG_COMPILER_GENERATE_SWIFT_ASSET_SYMBOL_EXTENSIONS = YES;
				CLANG_ANALYZER_NONNULL = YES;
				CLANG_ANALYZER_NUMBER_OBJECT_CONVERSION = YES_AGGRESSIVE;
				CLANG_CXX_LANGUAGE_STANDARD = "gnu++20";
				CLANG_ENABLE_MODULES = YES;
				CLANG_ENABLE_OBJC_ARC = YES;
				CLANG_ENABLE_OBJC_WEAK = YES;
				CLANG_WARN_BLOCK_CAPTURE_AUTORELEASING = YES;
				CLANG_WARN_BOOL_CONVERSION = YES;
				CLANG_WARN_COMMA = YES;
				CLANG_WARN_CONSTANT_CONVERSION = YES;
				CLANG_WARN_DEPRECATED_OBJC_IMPLEMENTATIONS = YES;
				CLANG_WARN_DIRECT_OBJC_ISA_USAGE = YES_ERROR;
				CLANG_WARN_DOCUMENTATION_COMMENTS = YES;
				CLANG_WARN_EMPTY_BODY = YES;
				CLANG_WARN_ENUM_CONVERSION = YES;
				CLANG_WARN_INFINITE_RECURSION = YES;
				CLANG_WARN_INT_CONVERSION = YES;
				CLANG_WARN_NON_LITERAL_NULL_CONVERSION = YES;
				CLANG_WARN_OBJC_IMPLICIT_RETAIN_SELF = YES;
				CLANG_WARN_OBJC_LITERAL_CONVERSION = YES;
				CLANG_WARN_OBJC_ROOT_CLASS = YES_ERROR;
				CLANG_WARN_QUOTED_INCLUDE_IN_FRAMEWORK_HEADER = YES;
				CLANG_WARN_RANGE_LOOP_ANALYSIS = YES;
				CLANG_WARN_STRICT_PROTOTYPES = YES;
				CLANG_WARN_SUSPICIOUS_MOVE = YES;
				CLANG_WARN_UNGUARDED_AVAILABILITY = YES_AGGRESSIVE;
				CLANG_WARN_UNREACHABLE_CODE = YES;
				CLANG_WARN__DUPLICATE_METHOD_MATCH = YES;
				COPY_PHASE_STRIP = NO;
				DEBUG_INFORMATION_FORMAT = "dwarf-with-dsym";
				ENABLE_NS_ASSERTIONS = NO;
				ENABLE_STRICT_OBJC_MSGSEND = YES;
				ENABLE_USER_SCRIPT_SANDBOXING = YES;
				GCC_C_LANGUAGE_STANDARD = gnu17;
				GCC_NO_COMMON_BLOCKS = YES;
				GCC_WARN_64_TO_32_BIT_CONVERSION = YES;
				GCC_WARN_ABOUT_RETURN_TYPE = YES_ERROR;
				GCC_WARN_UNDECLARED_SELECTOR = YES;
				GCC_WARN_UNINITIALIZED_AUTOS = YES_AGGRESSIVE;
				GCC_WARN_UNUSED_FUNCTION = YES;
				GCC_WARN_UNUSED_VARIABLE = YES;
				IPHONEOS_DEPLOYMENT_TARGET = 17.0;
				LOCALIZATION_PREFERS_STRING_CATALOGS = YES;
				MTL_ENABLE_DEBUG_INFO = NO;
				MTL_FAST_MATH = YES;
				SDKROOT = iphoneos;
				SWIFT_COMPILATION_MODE = wholemodule;
				VALIDATE_PRODUCT = YES;
			};
			name = Release;
		};
		01EB5CDC2B17258100CE9F2D /* Debug */ = {
			isa = XCBuildConfiguration;
			buildSettings = {
				ASSETCATALOG_COMPILER_APPICON_NAME = AppIcon;
				ASSETCATALOG_COMPILER_GLOBAL_ACCENT_COLOR_NAME = AccentColor;
				CODE_SIGN_STYLE = Automatic;
				CURRENT_PROJECT_VERSION = 1;
				DEVELOPMENT_TEAM = GL5QL25H5M;
				GENERATE_INFOPLIST_FILE = YES;
				INFOPLIST_FILE = WhatSticks10iOS/Info.plist;
				INFOPLIST_KEY_UIApplicationSupportsIndirectInputEvents = YES;
				INFOPLIST_KEY_UILaunchStoryboardName = LaunchScreen;
				INFOPLIST_KEY_UIMainStoryboardFile = Main;
				INFOPLIST_KEY_UISupportedInterfaceOrientations_iPad = "UIInterfaceOrientationPortrait UIInterfaceOrientationPortraitUpsideDown UIInterfaceOrientationLandscapeLeft UIInterfaceOrientationLandscapeRight";
				INFOPLIST_KEY_UISupportedInterfaceOrientations_iPhone = "UIInterfaceOrientationPortrait UIInterfaceOrientationLandscapeLeft UIInterfaceOrientationLandscapeRight";
				LD_RUNPATH_SEARCH_PATHS = (
					"$(inherited)",
					"@executable_path/Frameworks",
				);
				MARKETING_VERSION = 1.0;
				PRODUCT_BUNDLE_IDENTIFIER = com.iamnick.info.WhatSticks10iOS;
				PRODUCT_NAME = "$(TARGET_NAME)";
				SWIFT_EMIT_LOC_STRINGS = YES;
				SWIFT_VERSION = 5.0;
				TARGETED_DEVICE_FAMILY = "1,2";
			};
			name = Debug;
		};
		01EB5CDD2B17258100CE9F2D /* Release */ = {
			isa = XCBuildConfiguration;
			buildSettings = {
				ASSETCATALOG_COMPILER_APPICON_NAME = AppIcon;
				ASSETCATALOG_COMPILER_GLOBAL_ACCENT_COLOR_NAME = AccentColor;
				CODE_SIGN_STYLE = Automatic;
				CURRENT_PROJECT_VERSION = 1;
				DEVELOPMENT_TEAM = GL5QL25H5M;
				GENERATE_INFOPLIST_FILE = YES;
				INFOPLIST_FILE = WhatSticks10iOS/Info.plist;
				INFOPLIST_KEY_UIApplicationSupportsIndirectInputEvents = YES;
				INFOPLIST_KEY_UILaunchStoryboardName = LaunchScreen;
				INFOPLIST_KEY_UIMainStoryboardFile = Main;
				INFOPLIST_KEY_UISupportedInterfaceOrientations_iPad = "UIInterfaceOrientationPortrait UIInterfaceOrientationPortraitUpsideDown UIInterfaceOrientationLandscapeLeft UIInterfaceOrientationLandscapeRight";
				INFOPLIST_KEY_UISupportedInterfaceOrientations_iPhone = "UIInterfaceOrientationPortrait UIInterfaceOrientationLandscapeLeft UIInterfaceOrientationLandscapeRight";
				LD_RUNPATH_SEARCH_PATHS = (
					"$(inherited)",
					"@executable_path/Frameworks",
				);
				MARKETING_VERSION = 1.0;
				PRODUCT_BUNDLE_IDENTIFIER = com.iamnick.info.WhatSticks10iOS;
				PRODUCT_NAME = "$(TARGET_NAME)";
				SWIFT_EMIT_LOC_STRINGS = YES;
				SWIFT_VERSION = 5.0;
				TARGETED_DEVICE_FAMILY = "1,2";
			};
			name = Release;
		};
		01EB5CDF2B17258100CE9F2D /* Debug */ = {
			isa = XCBuildConfiguration;
			buildSettings = {
				ALWAYS_EMBED_SWIFT_STANDARD_LIBRARIES = YES;
				BUNDLE_LOADER = "$(TEST_HOST)";
				CODE_SIGN_STYLE = Automatic;
				CURRENT_PROJECT_VERSION = 1;
				DEVELOPMENT_TEAM = GL5QL25H5M;
				GENERATE_INFOPLIST_FILE = YES;
				IPHONEOS_DEPLOYMENT_TARGET = 17.0;
				MARKETING_VERSION = 1.0;
				PRODUCT_BUNDLE_IDENTIFIER = com.iamnick.info.WhatSticks10iOSTests;
				PRODUCT_NAME = "$(TARGET_NAME)";
				SWIFT_EMIT_LOC_STRINGS = NO;
				SWIFT_VERSION = 5.0;
				TARGETED_DEVICE_FAMILY = "1,2";
				TEST_HOST = "$(BUILT_PRODUCTS_DIR)/WhatSticks10iOS.app/$(BUNDLE_EXECUTABLE_FOLDER_PATH)/WhatSticks10iOS";
			};
			name = Debug;
		};
		01EB5CE02B17258100CE9F2D /* Release */ = {
			isa = XCBuildConfiguration;
			buildSettings = {
				ALWAYS_EMBED_SWIFT_STANDARD_LIBRARIES = YES;
				BUNDLE_LOADER = "$(TEST_HOST)";
				CODE_SIGN_STYLE = Automatic;
				CURRENT_PROJECT_VERSION = 1;
				DEVELOPMENT_TEAM = GL5QL25H5M;
				GENERATE_INFOPLIST_FILE = YES;
				IPHONEOS_DEPLOYMENT_TARGET = 17.0;
				MARKETING_VERSION = 1.0;
				PRODUCT_BUNDLE_IDENTIFIER = com.iamnick.info.WhatSticks10iOSTests;
				PRODUCT_NAME = "$(TARGET_NAME)";
				SWIFT_EMIT_LOC_STRINGS = NO;
				SWIFT_VERSION = 5.0;
				TARGETED_DEVICE_FAMILY = "1,2";
				TEST_HOST = "$(BUILT_PRODUCTS_DIR)/WhatSticks10iOS.app/$(BUNDLE_EXECUTABLE_FOLDER_PATH)/WhatSticks10iOS";
			};
			name = Release;
		};
		01EB5CE22B17258100CE9F2D /* Debug */ = {
			isa = XCBuildConfiguration;
			buildSettings = {
				ALWAYS_EMBED_SWIFT_STANDARD_LIBRARIES = YES;
				CODE_SIGN_STYLE = Automatic;
				CURRENT_PROJECT_VERSION = 1;
				DEVELOPMENT_TEAM = GL5QL25H5M;
				GENERATE_INFOPLIST_FILE = YES;
				MARKETING_VERSION = 1.0;
				PRODUCT_BUNDLE_IDENTIFIER = com.iamnick.info.WhatSticks10iOSUITests;
				PRODUCT_NAME = "$(TARGET_NAME)";
				SWIFT_EMIT_LOC_STRINGS = NO;
				SWIFT_VERSION = 5.0;
				TARGETED_DEVICE_FAMILY = "1,2";
				TEST_TARGET_NAME = WhatSticks10iOS;
			};
			name = Debug;
		};
		01EB5CE32B17258100CE9F2D /* Release */ = {
			isa = XCBuildConfiguration;
			buildSettings = {
				ALWAYS_EMBED_SWIFT_STANDARD_LIBRARIES = YES;
				CODE_SIGN_STYLE = Automatic;
				CURRENT_PROJECT_VERSION = 1;
				DEVELOPMENT_TEAM = GL5QL25H5M;
				GENERATE_INFOPLIST_FILE = YES;
				MARKETING_VERSION = 1.0;
				PRODUCT_BUNDLE_IDENTIFIER = com.iamnick.info.WhatSticks10iOSUITests;
				PRODUCT_NAME = "$(TARGET_NAME)";
				SWIFT_EMIT_LOC_STRINGS = NO;
				SWIFT_VERSION = 5.0;
				TARGETED_DEVICE_FAMILY = "1,2";
				TEST_TARGET_NAME = WhatSticks10iOS;
			};
			name = Release;
		};
/* End XCBuildConfiguration section */

/* Begin XCConfigurationList section */
		01EB5CAC2B17257F00CE9F2D /* Build configuration list for PBXProject "WhatSticks10iOS" */ = {
			isa = XCConfigurationList;
			buildConfigurations = (
				01EB5CD92B17258100CE9F2D /* Debug */,
				01EB5CDA2B17258100CE9F2D /* Release */,
			);
			defaultConfigurationIsVisible = 0;
			defaultConfigurationName = Release;
		};
		01EB5CDB2B17258100CE9F2D /* Build configuration list for PBXNativeTarget "WhatSticks10iOS" */ = {
			isa = XCConfigurationList;
			buildConfigurations = (
				01EB5CDC2B17258100CE9F2D /* Debug */,
				01EB5CDD2B17258100CE9F2D /* Release */,
			);
			defaultConfigurationIsVisible = 0;
			defaultConfigurationName = Release;
		};
		01EB5CDE2B17258100CE9F2D /* Build configuration list for PBXNativeTarget "WhatSticks10iOSTests" */ = {
			isa = XCConfigurationList;
			buildConfigurations = (
				01EB5CDF2B17258100CE9F2D /* Debug */,
				01EB5CE02B17258100CE9F2D /* Release */,
			);
			defaultConfigurationIsVisible = 0;
			defaultConfigurationName = Release;
		};
		01EB5CE12B17258100CE9F2D /* Build configuration list for PBXNativeTarget "WhatSticks10iOSUITests" */ = {
			isa = XCConfigurationList;
			buildConfigurations = (
				01EB5CE22B17258100CE9F2D /* Debug */,
				01EB5CE32B17258100CE9F2D /* Release */,
			);
			defaultConfigurationIsVisible = 0;
			defaultConfigurationName = Release;
		};
/* End XCConfigurationList section */
	};
	rootObject = 01EB5CA92B17257F00CE9F2D /* Project object */;
}
